{
  "version": 4,
  "terraform_version": "1.5.7",
  "serial": 104,
  "lineage": "55fdf148-2389-f3db-0138-170401b7d232",
  "outputs": {
    "repository_urls": {
      "value": [
        "https://github.com/sarsatis/sarthak-microservice",
        "https://github.com/sarsatis/sarthak-library"
      ],
      "type": [
        "tuple",
        [
          "string",
          "string"
        ]
      ]
    }
  },
  "resources": [
    {
      "mode": "managed",
      "type": "github_repository",
      "name": "new_repo",
      "provider": "provider[\"registry.terraform.io/integrations/github\"]",
      "instances": [
        {
          "index_key": "sarthak-library",
          "schema_version": 1,
          "attributes": {
            "allow_auto_merge": false,
            "allow_merge_commit": true,
            "allow_rebase_merge": true,
            "allow_squash_merge": true,
            "allow_update_branch": false,
            "archive_on_destroy": null,
            "archived": false,
            "auto_init": null,
            "default_branch": "master",
            "delete_branch_on_merge": false,
            "description": "Created from a template repository",
            "etag": "W/\"c087bfe69af0065afca9c494d418c2974561a9bac2fa4a4b8b23d52124f66d4e\"",
            "full_name": "sarsatis/sarthak-library",
            "git_clone_url": "git://github.com/sarsatis/sarthak-library.git",
            "gitignore_template": null,
            "has_discussions": false,
            "has_downloads": false,
            "has_issues": false,
            "has_projects": false,
            "has_wiki": false,
            "homepage_url": "",
            "html_url": "https://github.com/sarsatis/sarthak-library",
            "http_clone_url": "https://github.com/sarsatis/sarthak-library.git",
            "id": "sarthak-library",
            "ignore_vulnerability_alerts_during_read": null,
            "is_template": false,
            "license_template": null,
            "merge_commit_message": "PR_TITLE",
            "merge_commit_title": "MERGE_MESSAGE",
            "name": "sarthak-library",
            "node_id": "R_kgDONNMMYA",
            "pages": [],
            "primary_language": "",
            "private": false,
            "repo_id": 886246496,
            "security_and_analysis": [
              {
                "advanced_security": [],
                "secret_scanning": [
                  {
                    "status": "enabled"
                  }
                ],
                "secret_scanning_push_protection": [
                  {
                    "status": "enabled"
                  }
                ]
              }
            ],
            "squash_merge_commit_message": "COMMIT_MESSAGES",
            "squash_merge_commit_title": "COMMIT_OR_PR_TITLE",
            "ssh_clone_url": "git@github.com:sarsatis/sarthak-library.git",
            "svn_url": "https://github.com/sarsatis/sarthak-library",
            "template": [
              {
                "include_all_branches": false,
                "owner": "sarsatis",
                "repository": "generic-repo-template"
              }
            ],
            "topics": [],
            "visibility": "public",
            "vulnerability_alerts": false,
            "web_commit_signoff_required": false
          },
          "sensitive_attributes": [],
          "private": "eyJzY2hlbWFfdmVyc2lvbiI6IjEifQ=="
        },
        {
          "index_key": "sarthak-microservice",
          "schema_version": 1,
          "attributes": {
            "allow_auto_merge": false,
            "allow_merge_commit": true,
            "allow_rebase_merge": true,
            "allow_squash_merge": true,
            "allow_update_branch": false,
            "archive_on_destroy": null,
            "archived": false,
            "auto_init": null,
            "default_branch": "master",
            "delete_branch_on_merge": false,
            "description": "Created from a template repository",
            "etag": "W/\"bfbc9823c4c28d29d4c68240ee749e0035453eef03428ee6fccc9dd0453cee7c\"",
            "full_name": "sarsatis/sarthak-microservice",
            "git_clone_url": "git://github.com/sarsatis/sarthak-microservice.git",
            "gitignore_template": null,
            "has_discussions": false,
            "has_downloads": false,
            "has_issues": false,
            "has_projects": false,
            "has_wiki": false,
            "homepage_url": "",
            "html_url": "https://github.com/sarsatis/sarthak-microservice",
            "http_clone_url": "https://github.com/sarsatis/sarthak-microservice.git",
            "id": "sarthak-microservice",
            "ignore_vulnerability_alerts_during_read": null,
            "is_template": false,
            "license_template": null,
            "merge_commit_message": "PR_TITLE",
            "merge_commit_title": "MERGE_MESSAGE",
            "name": "sarthak-microservice",
            "node_id": "R_kgDONNMMbw",
            "pages": [],
            "primary_language": "",
            "private": false,
            "repo_id": 886246511,
            "security_and_analysis": [
              {
                "advanced_security": [],
                "secret_scanning": [
                  {
                    "status": "enabled"
                  }
                ],
                "secret_scanning_push_protection": [
                  {
                    "status": "enabled"
                  }
                ]
              }
            ],
            "squash_merge_commit_message": "COMMIT_MESSAGES",
            "squash_merge_commit_title": "COMMIT_OR_PR_TITLE",
            "ssh_clone_url": "git@github.com:sarsatis/sarthak-microservice.git",
            "svn_url": "https://github.com/sarsatis/sarthak-microservice",
            "template": [
              {
                "include_all_branches": false,
                "owner": "sarsatis",
                "repository": "generic-repo-template"
              }
            ],
            "topics": [],
            "visibility": "public",
            "vulnerability_alerts": false,
            "web_commit_signoff_required": false
          },
          "sensitive_attributes": [],
          "private": "eyJzY2hlbWFfdmVyc2lvbiI6IjEifQ=="
        }
      ]
    },
    {
      "mode": "managed",
      "type": "github_repository_file",
      "name": "repo_files",
      "provider": "provider[\"registry.terraform.io/integrations/github\"]",
      "instances": [
        {
          "index_key": "sarthak-library",
          "schema_version": 0,
          "attributes": {
            "autocreate_branch": null,
            "autocreate_branch_source_branch": null,
            "autocreate_branch_source_sha": null,
            "branch": "master",
            "commit_author": null,
            "commit_email": null,
            "commit_message": "Add sarthak-library related files to the .harness folder",
            "commit_sha": "4aa2b14ba5bdff11c1bd442b1febc33e99394cae",
            "content": "pipeline:\n  name: sarthak-library\n  identifier: sarthak-library\n  projectIdentifier: default_project\n  orgIdentifier: default\n  tags: {}\n",
            "file": ".harness/library-pipeline.yaml",
            "id": "sarthak-library/.harness/library-pipeline.yaml",
            "overwrite_on_create": false,
            "ref": "master",
            "repository": "sarthak-library",
            "sha": "a826adfb72bf226a74f5febc302f601105eb4426"
          },
          "sensitive_attributes": [],
          "private": "bnVsbA==",
          "dependencies": [
            "github_repository.new_repo"
          ]
        },
        {
          "index_key": "sarthak-microservice",
          "schema_version": 0,
          "attributes": {
            "autocreate_branch": null,
            "autocreate_branch_source_branch": null,
            "autocreate_branch_source_sha": null,
            "branch": "master",
            "commit_author": null,
            "commit_email": null,
            "commit_message": "Add sarthak-microservice related files to the .harness folder",
            "commit_sha": "17cf622dbf0d9433b5ab8e542463c452a75bc9a9",
            "content": "pipeline:\n  name: sarthak-microservice\n  identifier: sarthak-microservice\n  projectIdentifier: default_project\n  orgIdentifier: default\n  tags: {}\n",
            "file": ".harness/pipeline.yaml",
            "id": "sarthak-microservice/.harness/pipeline.yaml",
            "overwrite_on_create": false,
            "ref": "master",
            "repository": "sarthak-microservice",
            "sha": "b34e5762fc2e5f1a680e40d19b99214163c5fbb6"
          },
          "sensitive_attributes": [],
          "private": "bnVsbA==",
          "dependencies": [
            "github_repository.new_repo"
          ]
        }
      ]
    }
  ],
  "check_results": null
}
